# This file was autogenerated by Stack.
# You should not edit this file by hand.
# For more information, please see the documentation at:
#   https://docs.haskellstack.org/en/stable/lock_files

packages:
- completed:
    size: 110748
    subdir: calamity
    url: https://github.com/nitros12/calamity/archive/44316ce02a70a796c995f0d456bd43b79833fec1.tar.gz
    name: calamity
    version: 0.1.31.0
    sha256: 9106c13d2f13a5df98aec9a13e8d1ceb8207c00ff2809e37a5ab50ef6b3a1449
    pantry-tree:
      size: 7371
      sha256: 90e8c6e6f73bd88f15c4a6f9b5d440caadb186c500b85a2a80070e3c4ffe80b7
  original:
    subdir: calamity
    url: https://github.com/nitros12/calamity/archive/44316ce02a70a796c995f0d456bd43b79833fec1.tar.gz
- completed:
    size: 110748
    subdir: calamity-commands
    url: https://github.com/nitros12/calamity/archive/44316ce02a70a796c995f0d456bd43b79833fec1.tar.gz
    name: calamity-commands
    version: 0.1.3.0
    sha256: 9106c13d2f13a5df98aec9a13e8d1ceb8207c00ff2809e37a5ab50ef6b3a1449
    pantry-tree:
      size: 1584
      sha256: 98d358233f74d9afb7915515c16975a191abd93fd6ad1d7631ff0b21b34eefa2
  original:
    subdir: calamity-commands
    url: https://github.com/nitros12/calamity/archive/44316ce02a70a796c995f0d456bd43b79833fec1.tar.gz
- completed:
    subdir: beam-core
    name: beam-core
    version: 0.9.0.0
    git: https://github.com/haskell-beam/beam.git
    pantry-tree:
      size: 2704
      sha256: 7076823ae76c79ca4cd83a79c9ce99b7cbe6a17efd5ed3bc9188525d3e5ed492
    commit: 596981a1ea6765b9f311d48a2ec4d8460ebc4b7e
  original:
    subdir: beam-core
    git: https://github.com/haskell-beam/beam.git
    commit: 596981a1ea6765b9f311d48a2ec4d8460ebc4b7e
- completed:
    subdir: beam-sqlite
    name: beam-sqlite
    version: 0.5.0.0
    git: https://github.com/haskell-beam/beam.git
    pantry-tree:
      size: 1147
      sha256: 7fcb3929414d1bd5d25b4667eac03690944c77fbfd67f5678c29358126193e83
    commit: 596981a1ea6765b9f311d48a2ec4d8460ebc4b7e
  original:
    subdir: beam-sqlite
    git: https://github.com/haskell-beam/beam.git
    commit: 596981a1ea6765b9f311d48a2ec4d8460ebc4b7e
- completed:
    subdir: beam-migrate
    name: beam-migrate
    version: 0.5.0.0
    git: https://github.com/haskell-beam/beam.git
    pantry-tree:
      size: 1826
      sha256: e029e77b673aef82d2d077b2ba4511a6ff994883a5fc38ce8485c8771e7998ce
    commit: 596981a1ea6765b9f311d48a2ec4d8460ebc4b7e
  original:
    subdir: beam-migrate
    git: https://github.com/haskell-beam/beam.git
    commit: 596981a1ea6765b9f311d48a2ec4d8460ebc4b7e
- completed:
    subdir: beam-postgres
    name: beam-postgres
    version: 0.5.0.0
    git: https://github.com/haskell-beam/beam.git
    pantry-tree:
      size: 2596
      sha256: fd0a0d1fd6e989a0925c1a3c71f2a018215616439a8e10d7e477ffc5e86bf572
    commit: 596981a1ea6765b9f311d48a2ec4d8460ebc4b7e
  original:
    subdir: beam-postgres
    git: https://github.com/haskell-beam/beam.git
    commit: 596981a1ea6765b9f311d48a2ec4d8460ebc4b7e
- completed:
    hackage: data-flags-0.0.3.4@sha256:a133f2912e0e22f03419dc89a04b1e117ff6290f1777f5b7f037f683b80ed2cf,1097
    pantry-tree:
      size: 383
      sha256: fabce261d22601659cc3aeab1d5bb8f918dd3f8a8b01a8b9c483a08113a2535a
  original:
    hackage: data-flags-0.0.3.4@sha256:a133f2912e0e22f03419dc89a04b1e117ff6290f1777f5b7f037f683b80ed2cf,1097
- completed:
    hackage: dependent-map-0.4.0.0@sha256:ca2b131046f4340a1c35d138c5a003fe4a5be96b14efc26291ed35fd08c62221,1657
    pantry-tree:
      size: 551
      sha256: 5defa30010904d2ad05a036f3eaf83793506717c93cbeb599f40db1a3632cfc5
  original:
    hackage: dependent-map-0.4.0.0@sha256:ca2b131046f4340a1c35d138c5a003fe4a5be96b14efc26291ed35fd08c62221,1657
- completed:
    hackage: dependent-sum-0.7.1.0@sha256:5599aa89637db434431b1dd3fa7c34bc3d565ee44f0519bfbc877be1927c2531,2068
    pantry-tree:
      size: 290
      sha256: 9cbfb32b5a8a782b7a1c941803fd517633cb699159b851c1d82267a9e9391b50
  original:
    hackage: dependent-sum-0.7.1.0@sha256:5599aa89637db434431b1dd3fa7c34bc3d565ee44f0519bfbc877be1927c2531,2068
- completed:
    hackage: df1-0.4@sha256:b430ee7e0abda6ce9ef03b9fbe532a7384e6de1b4873357cc116db9f614ce398,1104
    pantry-tree:
      size: 531
      sha256: 1685f225d30b6291d67d96467d374b2e727d7c0877d7ea7724fd80d331130485
  original:
    hackage: df1-0.4@sha256:b430ee7e0abda6ce9ef03b9fbe532a7384e6de1b4873357cc116db9f614ce398,1104
- completed:
    hackage: di-1.3@sha256:8e630a6ac40f234fbd39627841d3cfd3800e2189b63c1ee01cf5290eb0138131,1129
    pantry-tree:
      size: 301
      sha256: 2ca42593a5e4afd8e9ce2485488e006e95a371ff7a6f9f352bbc1a7dd81de32d
  original:
    hackage: di-1.3@sha256:8e630a6ac40f234fbd39627841d3cfd3800e2189b63c1ee01cf5290eb0138131,1129
- completed:
    hackage: di-polysemy-0.2.0.0@sha256:9da81102b7e5b2782e4f7194189cde552f042c94ac875ef8f542f6620035f885,2160
    pantry-tree:
      size: 320
      sha256: 103285358a5c2430e3fadd2c35ab285536c05164db1b78ed7155e9ef2e3fae42
  original:
    hackage: di-polysemy-0.2.0.0@sha256:9da81102b7e5b2782e4f7194189cde552f042c94ac875ef8f542f6620035f885,2160
- completed:
    hackage: generic-override-0.0.0.0@sha256:4022243b06e2f225a5d09c54e26a3f545f6bc5cce07a7a8267d10fa64344a189,924
    pantry-tree:
      size: 389
      sha256: a5faf528b3536c92314f12eeba87a9e53bec30ac0738f3b1956d1e21e6647261
  original:
    hackage: generic-override-0.0.0.0@sha256:4022243b06e2f225a5d09c54e26a3f545f6bc5cce07a7a8267d10fa64344a189,924
- completed:
    hackage: generic-override-aeson-0.0.0.0@sha256:b36feb72bf33b8c93e75faac7ea99bbebfec5a22c1259d844706fd03fe71b34e,1446
    pantry-tree:
      size: 301
      sha256: 170c425ee5ed0a520e638c24d9409e6595c7c2dd7c6032c1394eb9fe9c974de6
  original:
    hackage: generic-override-aeson-0.0.0.0@sha256:b36feb72bf33b8c93e75faac7ea99bbebfec5a22c1259d844706fd03fe71b34e,1446
- completed:
    hackage: polysemy-1.4.0.0@sha256:0245a046eaf936557d4208b5a355df1a20799c9e274f91fa889ab2644ecbabae,6541
    pantry-tree:
      size: 4379
      sha256: babfd86f145bc6017f7b8c20e46266ab3a3bb5d5d415d8cf651036b11e57465a
  original:
    hackage: polysemy-1.4.0.0@sha256:0245a046eaf936557d4208b5a355df1a20799c9e274f91fa889ab2644ecbabae,6541
- completed:
    hackage: polysemy-plugin-0.2.5.2@sha256:649cea55749c38af841e9f3750ccf65be351e597f3085234e28e3491e78d1f78,3155
    pantry-tree:
      size: 1162
      sha256: 20b462f8095a8108ef4d920f0d494ba1299821403ad30169168f4b1968b06c2a
  original:
    hackage: polysemy-plugin-0.2.5.2@sha256:649cea55749c38af841e9f3750ccf65be351e597f3085234e28e3491e78d1f78,3155
- completed:
    hackage: Cabal-3.0.2.0@sha256:f45ee078a8529d1ad3993767345ac83304c7f2ff5eec02c455a1dc200ad22c67,26714
    pantry-tree:
      size: 40207
      sha256: 653461a4e58b10a6ef9d6ed5e07b1f8839ed46b4673133ecbe3899a48d6b983b
  original:
    hackage: Cabal-3.0.2.0@sha256:f45ee078a8529d1ad3993767345ac83304c7f2ff5eec02c455a1dc200ad22c67,26714
- completed:
    hackage: constraints-extras-0.3.0.2@sha256:013b8d0392582c6ca068e226718a4fe8be8e22321cc0634f6115505bf377ad26,1853
    pantry-tree:
      size: 594
      sha256: 3ce1012bfb02e4d7def9df19ce80b8cd2b472c691b25b181d9960638673fecd1
  original:
    hackage: constraints-extras-0.3.0.2@sha256:013b8d0392582c6ca068e226718a4fe8be8e22321cc0634f6115505bf377ad26,1853
- completed:
    hackage: di-df1-1.2.1@sha256:6be994f4d6acc4e9b498af00367d09e71fe6da42c6c2eb947ab49e19a6ba6e15,999
    pantry-tree:
      size: 424
      sha256: 5fd50fb50650ea9cda045ae0ae24f7de40b4cfccb9a91e5943dd5adf222991aa
  original:
    hackage: di-df1-1.2.1@sha256:6be994f4d6acc4e9b498af00367d09e71fe6da42c6c2eb947ab49e19a6ba6e15,999
- completed:
    hackage: di-handle-1.0.1@sha256:642ce26cc3b166e14782fb3d3acc4a15533e1021bcd6712704531f71c9483d24,720
    pantry-tree:
      size: 315
      sha256: f7612ded0cfa16bc04acf45d66cab4cbb3546ebfad816e69e91a768fa32ad7f9
  original:
    hackage: di-handle-1.0.1@sha256:642ce26cc3b166e14782fb3d3acc4a15533e1021bcd6712704531f71c9483d24,720
- completed:
    hackage: some-1.0.1@sha256:26e5bab7276f48b25ea8660d3fd1166c0f20fd497dac879a40f408e23211f93e,2055
    pantry-tree:
      size: 708
      sha256: c882b6ebe8a0616f1ab3908f1620087ad5c6d8d82d1a72b99226f6487419bfe6
  original:
    hackage: some-1.0.1@sha256:26e5bab7276f48b25ea8660d3fd1166c0f20fd497dac879a40f408e23211f93e,2055
- completed:
    hackage: th-abstraction-0.4.2.0@sha256:2c754cd15370f8c59c8e6c37d44428a78d0b4afc94e13b3958a1a50cd16f6e84,2124
    pantry-tree:
      size: 670
      sha256: 4d7de058f3dd57de2a89ea92e812c37ab5418d2fbac620db8c815e7eb4d856ac
  original:
    hackage: th-abstraction-0.4.2.0@sha256:2c754cd15370f8c59c8e6c37d44428a78d0b4afc94e13b3958a1a50cd16f6e84,2124
- completed:
    hackage: stm-containers-1.2@sha256:a887f2e7692b7cf20e0b081e2d66e21076e2bd4b57016ec59c484edfa2d29397,3244
    pantry-tree:
      size: 761
      sha256: 20b1076bdb121347ccc512a67df697eed34815a8e35279b6b9a0951963b1eba2
  original:
    hackage: stm-containers-1.2@sha256:a887f2e7692b7cf20e0b081e2d66e21076e2bd4b57016ec59c484edfa2d29397,3244
- completed:
    hackage: stm-hamt-1.2.0.6@sha256:fba86ccb4b45c5706c19b0e1315ba63dcac3b5d71de945ec001ba921fae80061,3972
    pantry-tree:
      size: 1009
      sha256: 1920790535af832b76e7583c33ecf51f8b0b0c3615ef1db1c8ed9be19622c1db
  original:
    hackage: stm-hamt-1.2.0.6@sha256:fba86ccb4b45c5706c19b0e1315ba63dcac3b5d71de945ec001ba921fae80061,3972
snapshots:
- completed:
    size: 586268
    url: https://raw.githubusercontent.com/commercialhaskell/stackage-snapshots/master/lts/18/13.yaml
    sha256: d9e658a22cfe8d87a64fdf219885f942fef5fe2bcb156a9800174911c5da2443
  original: lts-18.13
